
Microsoft Visual Studio Solution File, Format Version 12.00
# Visual Studio Version 16
VisualStudioVersion = 16.0.30907.101
MinimumVisualStudioVersion = 10.0.40219.1
Project("{FAE04EC0-301F-11D3-BF4B-00C04F79EFBC}") = "facturaControl", "facturaControl\facturaControl.csproj", "{F423C196-556E-441C-A100-CD14AC334304}"
EndProject
Global
	GlobalSection(SolutionConfigurationPlatforms) = preSolution
		Debug|Any CPU = Debug|Any CPU
		Release|Any CPU = Release|Any CPU
	EndGlobalSection
	GlobalSection(ProjectConfigurationPlatforms) = postSolution
		{F423C196-556E-441C-A100-CD14AC334304}.Debug|Any CPU.ActiveCfg = Debug|Any CPU
		{F423C196-556E-441C-A100-CD14AC334304}.Debug|Any CPU.Build.0 = Debug|Any CPU
		{F423C196-556E-441C-A100-CD14AC334304}.Release|Any CPU.ActiveCfg = Release|Any CPU
		{F423C196-556E-441C-A100-CD14AC334304}.Release|Any CPU.Build.0 = Release|Any CPU
	EndGlobalSection
	GlobalSection(SolutionProperties) = preSolution
		HideSolutionNode = FALSE
	EndGlobalSection
	GlobalSection(ExtensibilityGlobals) = postSolution
		SolutionGuid = {154780D7-DFE9-4872-A577-7CE9B5D06DCB}
	EndGlobalSection
EndGlobal
